
Microsoft Visual Studio Solution File, Format Version 12.00
# Visual Studio 15
VisualStudioVersion = 15.0.27130.2036
MinimumVisualStudioVersion = 10.0.40219.1
Project("{8BC9CEB8-8B4A-11D0-8D11-00A0C91BC942}") = "SawassRayTracer", "SawassRayTracer\SawassRayTracer.vcxproj", "{3F4618D0-0E2F-443C-B84B-726D6146D312}"
EndProject
Global
	GlobalSection(SolutionConfigurationPlatforms) = preSolution
		Debug|x64 = Debug|x64
		Debug|x86 = Debug|x86
		Release|x64 = Release|x64
		Release|x86 = Release|x86
	EndGlobalSection
	GlobalSection(ProjectConfigurationPlatforms) = postSolution
		{3F4618D0-0E2F-443C-B84B-726D6146D312}.Debug|x64.ActiveCfg = Debug|x64
		{3F4618D0-0E2F-443C-B84B-726D6146D312}.Debug|x64.Build.0 = Debug|x64
		{3F4618D0-0E2F-443C-B84B-726D6146D312}.Debug|x86.ActiveCfg = Debug|Win32
		{3F4618D0-0E2F-443C-B84B-726D6146D312}.Debug|x86.Build.0 = Debug|Win32
		{3F4618D0-0E2F-443C-B84B-726D6146D312}.Release|x64.ActiveCfg = Release|x64
		{3F4618D0-0E2F-443C-B84B-726D6146D312}.Release|x64.Build.0 = Release|x64
		{3F4618D0-0E2F-443C-B84B-726D6146D312}.Release|x86.ActiveCfg = Release|Win32
		{3F4618D0-0E2F-443C-B84B-726D6146D312}.Release|x86.Build.0 = Release|Win32
	EndGlobalSection
	GlobalSection(SolutionProperties) = preSolution
		HideSolutionNode = FALSE
	EndGlobalSection
	GlobalSection(ExtensibilityGlobals) = postSolution
		SolutionGuid = {A93A91E3-780E-44DB-9E6F-EB59A5FB26EB}
	EndGlobalSection
EndGlobal
