<?xml version="1.0" encoding="utf-8"?>
<Project ToolsVersion="4.0" xmlns="http://schemas.microsoft.com/developer/msbuild/2003">
  <ItemGroup>
    <Filter Include="core">
      <UniqueIdentifier>{ac1efc56-31c5-4b62-9597-66b3d7637c29}</UniqueIdentifier>
    </Filter>
    <Filter Include="engine">
      <UniqueIdentifier>{eb7f9376-c20c-4542-9a56-f4408d463d23}</UniqueIdentifier>
    </Filter>
    <Filter Include="core\math">
      <UniqueIdentifier>{8f2980ef-2861-46f6-8f14-9f21b453fd39}</UniqueIdentifier>
    </Filter>
  </ItemGroup>
  <ItemGroup>
    <ClCompile Include="..\..\..\src\main.cpp" />
  </ItemGroup>
  <ItemGroup>
    <ClInclude Include="..\..\..\src\core\assert.h">
      <Filter>core</Filter>
    </ClInclude>
    <ClInclude Include="..\..\..\src\core\profiler.h">
      <Filter>core</Filter>
    </ClInclude>
    <ClInclude Include="..\..\..\src\core\traits.h">
      <Filter>core</Filter>
    </ClInclude>
    <ClInclude Include="..\..\..\src\core\types.h">
      <Filter>core</Filter>
    </ClInclude>
    <ClInclude Include="..\..\..\src\core\utils.h">
      <Filter>core</Filter>
    </ClInclude>
    <ClInclude Include="..\..\..\src\core\math\math.h">
      <Filter>core\math</Filter>
    </ClInclude>
    <ClInclude Include="..\..\..\src\core\math\v4.h">
      <Filter>core\math</Filter>
    </ClInclude>
    <ClInclude Include="..\..\..\src\core\math\v3.h">
      <Filter>core\math</Filter>
    </ClInclude>
    <ClInclude Include="..\..\..\src\engine\camera.h">
      <Filter>engine</Filter>
    </ClInclude>
    <ClInclude Include="..\..\..\src\engine\entity.h">
      <Filter>engine</Filter>
    </ClInclude>
    <ClInclude Include="..\..\..\src\engine\hitable.h">
      <Filter>engine</Filter>
    </ClInclude>
    <ClInclude Include="..\..\..\src\engine\hitablelist.h">
      <Filter>engine</Filter>
    </ClInclude>
    <ClInclude Include="..\..\..\src\engine\material.h">
      <Filter>engine</Filter>
    </ClInclude>
    <ClInclude Include="..\..\..\src\engine\ray.h">
      <Filter>engine</Filter>
    </ClInclude>
    <ClInclude Include="..\..\..\src\engine\texture.h">
      <Filter>engine</Filter>
    </ClInclude>
    <ClInclude Include="..\..\..\src\engine\transform.h">
      <Filter>engine</Filter>
    </ClInclude>
    <ClInclude Include="..\..\..\src\engine\bvh.h">
      <Filter>engine</Filter>
    </ClInclude>
    <ClInclude Include="..\..\..\src\engine\perlin.h">
      <Filter>engine</Filter>
    </ClInclude>
    <ClInclude Include="..\..\..\src\engine\geometry.h">
      <Filter>engine</Filter>
    </ClInclude>
    <ClInclude Include="..\..\..\src\core\math\aabb.h">
      <Filter>core\math</Filter>
    </ClInclude>
    <ClInclude Include="..\..\..\src\core\math\algebra.h">
      <Filter>core\math</Filter>
    </ClInclude>
    <ClInclude Include="..\..\..\src\core\path.h">
      <Filter>core</Filter>
    </ClInclude>
    <ClInclude Include="..\..\..\src\core\check.h">
      <Filter>core</Filter>
    </ClInclude>
    <ClInclude Include="..\..\..\src\core\transform.h">
      <Filter>core</Filter>
    </ClInclude>
    <ClInclude Include="..\..\..\src\core\matrix.h">
      <Filter>core\math</Filter>
    </ClInclude>
  </ItemGroup>
</Project>